PODS:
  - DACircularProgress (2.3.1)
  - Kingfisher (2.6.0)

DEPENDENCIES:
  - DACircularProgress
  - Kingfisher (~> 2.6)

SPEC CHECKSUMS:
  DACircularProgress: 4dd437c0fc3da5161cb289e07ac449493d41db71
  Kingfisher: d84c5fd176ea86cc7b8aac65fd55feda6f70f130

PODFILE CHECKSUM: 456d3ddc4e74026c121cedf81a57f9a9a0af23d9

COCOAPODS: 1.1.0.rc.3
